
Microsoft Visual Studio Solution File, Format Version 12.00
# Visual Studio Version 17
VisualStudioVersion = 17.3.32929.385
MinimumVisualStudioVersion = 10.0.40219.1
Project("{9A19103F-16F7-4668-BE54-9A1E7A4F7556}") = "Net-Crud-Mvc-Application", "Net-Crud-Mvc-Application\Net-Crud-Mvc-Application.csproj", "{7BE87A44-C192-4300-B4E6-0B631782C065}"
EndProject
Project("{FAE04EC0-301F-11D3-BF4B-00C04F79EFBC}") = "Net-Crud-Mvc-Application.Core", "Net-Crud-Mvc-Application.Core\Net-Crud-Mvc-Application.Core.csproj", "{C108C661-8034-44A2-B40C-0A268D6F0487}"
EndProject
Project("{FAE04EC0-301F-11D3-BF4B-00C04F79EFBC}") = "Net-Crud-Mvc-Application.Infrastructure", "Net-Crud-Mvc-Application.Infrastructure\Net-Crud-Mvc-Application.Infrastructure.csproj", "{0DBCCD11-2A82-44CA-9E23-87634F607E51}"
EndProject
Project("{FAE04EC0-301F-11D3-BF4B-00C04F79EFBC}") = "Net-Crud-Mvc-Application.Service", "Net-Crud-Mvc-Application.Service\Net-Crud-Mvc-Application.Service.csproj", "{29CDAA4E-8F52-420F-B880-6C16DC12B0F7}"
EndProject
Global
	GlobalSection(SolutionConfigurationPlatforms) = preSolution
		Debug|Any CPU = Debug|Any CPU
		Release|Any CPU = Release|Any CPU
	EndGlobalSection
	GlobalSection(ProjectConfigurationPlatforms) = postSolution
		{7BE87A44-C192-4300-B4E6-0B631782C065}.Debug|Any CPU.ActiveCfg = Debug|Any CPU
		{7BE87A44-C192-4300-B4E6-0B631782C065}.Debug|Any CPU.Build.0 = Debug|Any CPU
		{7BE87A44-C192-4300-B4E6-0B631782C065}.Release|Any CPU.ActiveCfg = Release|Any CPU
		{7BE87A44-C192-4300-B4E6-0B631782C065}.Release|Any CPU.Build.0 = Release|Any CPU
		{C108C661-8034-44A2-B40C-0A268D6F0487}.Debug|Any CPU.ActiveCfg = Debug|Any CPU
		{C108C661-8034-44A2-B40C-0A268D6F0487}.Debug|Any CPU.Build.0 = Debug|Any CPU
		{C108C661-8034-44A2-B40C-0A268D6F0487}.Release|Any CPU.ActiveCfg = Release|Any CPU
		{C108C661-8034-44A2-B40C-0A268D6F0487}.Release|Any CPU.Build.0 = Release|Any CPU
		{0DBCCD11-2A82-44CA-9E23-87634F607E51}.Debug|Any CPU.ActiveCfg = Debug|Any CPU
		{0DBCCD11-2A82-44CA-9E23-87634F607E51}.Debug|Any CPU.Build.0 = Debug|Any CPU
		{0DBCCD11-2A82-44CA-9E23-87634F607E51}.Release|Any CPU.ActiveCfg = Release|Any CPU
		{0DBCCD11-2A82-44CA-9E23-87634F607E51}.Release|Any CPU.Build.0 = Release|Any CPU
		{29CDAA4E-8F52-420F-B880-6C16DC12B0F7}.Debug|Any CPU.ActiveCfg = Debug|Any CPU
		{29CDAA4E-8F52-420F-B880-6C16DC12B0F7}.Debug|Any CPU.Build.0 = Debug|Any CPU
		{29CDAA4E-8F52-420F-B880-6C16DC12B0F7}.Release|Any CPU.ActiveCfg = Release|Any CPU
		{29CDAA4E-8F52-420F-B880-6C16DC12B0F7}.Release|Any CPU.Build.0 = Release|Any CPU
	EndGlobalSection
	GlobalSection(SolutionProperties) = preSolution
		HideSolutionNode = FALSE
	EndGlobalSection
	GlobalSection(ExtensibilityGlobals) = postSolution
		SolutionGuid = {C2D4C8DD-AA90-425B-BB8A-96F87FC14C51}
	EndGlobalSection
EndGlobal
